
Microsoft Visual Studio Solution File, Format Version 12.00
# Visual Studio Version 16
VisualStudioVersion = 16.0.28803.156
MinimumVisualStudioVersion = 10.0.40219.1
Project("{FAE04EC0-301F-11D3-BF4B-00C04F79EFBC}") = "UI", "excersice01\UI.csproj", "{A29934E4-36BE-4B40-9925-0FF6A62CE4EC}"
EndProject
Project("{FAE04EC0-301F-11D3-BF4B-00C04F79EFBC}") = "Dal", "Dal\Dal.csproj", "{5AFF0183-99B7-46B9-BF28-2380524C566D}"
EndProject
Global
	GlobalSection(SolutionConfigurationPlatforms) = preSolution
		Debug|Any CPU = Debug|Any CPU
		Release|Any CPU = Release|Any CPU
	EndGlobalSection
	GlobalSection(ProjectConfigurationPlatforms) = postSolution
		{A29934E4-36BE-4B40-9925-0FF6A62CE4EC}.Debug|Any CPU.ActiveCfg = Debug|Any CPU
		{A29934E4-36BE-4B40-9925-0FF6A62CE4EC}.Debug|Any CPU.Build.0 = Debug|Any CPU
		{A29934E4-36BE-4B40-9925-0FF6A62CE4EC}.Release|Any CPU.ActiveCfg = Release|Any CPU
		{A29934E4-36BE-4B40-9925-0FF6A62CE4EC}.Release|Any CPU.Build.0 = Release|Any CPU
		{5AFF0183-99B7-46B9-BF28-2380524C566D}.Debug|Any CPU.ActiveCfg = Debug|Any CPU
		{5AFF0183-99B7-46B9-BF28-2380524C566D}.Debug|Any CPU.Build.0 = Debug|Any CPU
		{5AFF0183-99B7-46B9-BF28-2380524C566D}.Release|Any CPU.ActiveCfg = Release|Any CPU
		{5AFF0183-99B7-46B9-BF28-2380524C566D}.Release|Any CPU.Build.0 = Release|Any CPU
	EndGlobalSection
	GlobalSection(SolutionProperties) = preSolution
		HideSolutionNode = FALSE
	EndGlobalSection
	GlobalSection(ExtensibilityGlobals) = postSolution
		SolutionGuid = {8EDBCE4C-B324-4201-86BA-109F11E7F502}
	EndGlobalSection
EndGlobal
